{
  "name": "api",
  "version": "1.0.0",
  "lockfileVersion": 3,
  "requires": true,
  "packages": {
    "": {
      "name": "api",
      "version": "1.0.0",
      "hasInstallScript": true,
      "license": "MIT",
      "dependencies": {
        "@middy/core": "^6.0.0",
        "@middy/http-cors": "^6.0.0",
        "@middy/http-json-body-parser": "^6.0.0",
        "@middy/http-multipart-body-parser": "^6.0.0",
        "@middy/http-response-serializer": "^6.0.0",
        "@middy/http-router": "^6.0.0",
        "sst": "3.6.9"
      },
      "devDependencies": {
        "@types/aws-lambda": "8.10.147",
        "@types/node": "^22.10.7",
        "typescript": "^5.7.3"
      }
    },
    "node_modules/@fastify/busboy": {
      "version": "3.0.0",
      "resolved": "https://registry.npmjs.org/@fastify/busboy/-/busboy-3.0.0.tgz",
      "integrity": "sha512-83rnH2nCvclWaPQQKvkJ2pdOjG4TZyEVuFDnlOF6KP08lDaaceVyw/W63mDuafQT+MKHCvXIPpE5uYWeM0rT4w=="
    },
    "node_modules/@middy/core": {
      "version": "6.0.0",
      "resolved": "https://registry.npmjs.org/@middy/core/-/core-6.0.0.tgz",
      "integrity": "sha512-EFsvMkyFfaIu3Uzye26w2NzycwMAbh/99XlhRH9p240y/YKA0nlQ7itE8y7lBJOJ/clj1qu9evQeLfaiWhJAFg==",
      "engines": {
        "node": ">=20"
      },
      "funding": {
        "type": "github",
        "url": "https://github.com/sponsors/willfarrell"
      }
    },
    "node_modules/@middy/http-cors": {
      "version": "6.0.0",
      "resolved": "https://registry.npmjs.org/@middy/http-cors/-/http-cors-6.0.0.tgz",
      "integrity": "sha512-owdXHOtb8Qf8ArL0P387vZLI82F7hdiqwd5xUcL3KPNtK/pKQbX7oOcRsq+uyeQY/4tKC8ACWApqBQY+R+ft1Q==",
      "dependencies": {
        "@middy/util": "6.0.0"
      },
      "engines": {
        "node": ">=20"
      },
      "funding": {
        "type": "github",
        "url": "https://github.com/sponsors/willfarrell"
      }
    },
    "node_modules/@middy/http-json-body-parser": {
      "version": "6.0.0",
      "resolved": "https://registry.npmjs.org/@middy/http-json-body-parser/-/http-json-body-parser-6.0.0.tgz",
      "integrity": "sha512-/uhdznqnLStNpqMqMBrTF0TjuPktB0T6Uy2p5vsitdVa8XycWsNDSkK2vMCWKYGGTA+vLHZs4RKAHXihAed5pg==",
      "dependencies": {
        "@middy/util": "6.0.0"
      },
      "engines": {
        "node": ">=20"
      },
      "funding": {
        "type": "github",
        "url": "https://github.com/sponsors/willfarrell"
      }
    },
    "node_modules/@middy/http-multipart-body-parser": {
      "version": "6.0.0",
      "resolved": "https://registry.npmjs.org/@middy/http-multipart-body-parser/-/http-multipart-body-parser-6.0.0.tgz",
      "integrity": "sha512-0RVVJTGfnmKLD/dm0dAy4DCeG1Rn/RReRJTx4X/EnLBpdMc2d9J+BpnYfL9HoYFuqo7eYP9lqqwyOjh6JuNREQ==",
      "dependencies": {
        "@fastify/busboy": "3.0.0"
      },
      "engines": {
        "node": ">=20"
      },
      "funding": {
        "type": "github",
        "url": "https://github.com/sponsors/willfarrell"
      }
    },
    "node_modules/@middy/http-response-serializer": {
      "version": "6.0.0",
      "resolved": "https://registry.npmjs.org/@middy/http-response-serializer/-/http-response-serializer-6.0.0.tgz",
      "integrity": "sha512-tPcP9A4KXT/LH+BvxG8bquHG73b63SFzeS8lpOTXnCg8YWecLFiFBPr98fSArVIYCH7ajOC27LMlOvoFr8t49w==",
      "dependencies": {
        "@middy/util": "6.0.0"
      },
      "engines": {
        "node": ">=20"
      },
      "funding": {
        "type": "github",
        "url": "https://github.com/sponsors/willfarrell"
      }
    },
    "node_modules/@middy/http-router": {
      "version": "6.0.0",
      "resolved": "https://registry.npmjs.org/@middy/http-router/-/http-router-6.0.0.tgz",
      "integrity": "sha512-zUtVnVxUosGgtiIHiUmoBncXw7ZtIlnLd2rOtrIfrxwCnAgY3c33LF9Jd/+yz9w1m5CnQ/MbLW71WjM0lql5XQ==",
      "dependencies": {
        "@middy/util": "6.0.0"
      },
      "engines": {
        "node": ">=20"
      },
      "funding": {
        "type": "github",
        "url": "https://github.com/sponsors/willfarrell"
      }
    },
    "node_modules/@middy/util": {
      "version": "6.0.0",
      "resolved": "https://registry.npmjs.org/@middy/util/-/util-6.0.0.tgz",
      "integrity": "sha512-V2/gJ4wE6TtMJNAnUTm3VRdgNyLI6zdNLy3MzhrJOwxiUslG1OSShE1IUYR0cmzMOm5w/Y2p3+OIRXRqKUVHYQ==",
      "engines": {
        "node": ">=20"
      },
      "funding": {
        "type": "github",
        "url": "https://github.com/sponsors/willfarrell"
      }
    },
    "node_modules/@types/aws-lambda": {
      "version": "8.10.147",
      "resolved": "https://registry.npmjs.org/@types/aws-lambda/-/aws-lambda-8.10.147.tgz",
      "integrity": "sha512-nD0Z9fNIZcxYX5Mai2CTmFD7wX7UldCkW2ezCF8D1T5hdiLsnTWDGRpfRYntU6VjTdLQjOvyszru7I1c1oCQew==",
      "dev": true
    },
    "node_modules/@types/node": {
      "version": "22.10.7",
      "resolved": "https://registry.npmjs.org/@types/node/-/node-22.10.7.tgz",
      "integrity": "sha512-V09KvXxFiutGp6B7XkpaDXlNadZxrzajcY50EuoLIpQ6WWYCSvf19lVIazzfIzQvhUN2HjX12spLojTnhuKlGg==",
      "dev": true,
      "dependencies": {
        "undici-types": "~6.20.0"
      }
    },
    "node_modules/aws4fetch": {
      "version": "1.0.20",
      "resolved": "https://registry.npmjs.org/aws4fetch/-/aws4fetch-1.0.20.tgz",
      "integrity": "sha512-/djoAN709iY65ETD6LKCtyyEI04XIBP5xVvfmNxsEP0uJB5tyaGBztSryRr4HqMStr9R06PisQE7m9zDTXKu6g=="
    },
    "node_modules/jose": {
      "version": "5.2.3",
      "resolved": "https://registry.npmjs.org/jose/-/jose-5.2.3.tgz",
      "integrity": "sha512-KUXdbctm1uHVL8BYhnyHkgp3zDX5KW8ZhAKVFEfUbU2P8Alpzjb+48hHvjOdQIyPshoblhzsuqOwEEAbtHVirA==",
      "funding": {
        "url": "https://github.com/sponsors/panva"
      }
    },
    "node_modules/lru-cache": {
      "version": "6.0.0",
      "resolved": "https://registry.npmjs.org/lru-cache/-/lru-cache-6.0.0.tgz",
      "integrity": "sha512-Jo6dJ04CmSjuznwJSS3pUeWmd/H0ffTlkXXgwZi+eq1UCmqQwCh+eLsYOYCwY991i2Fah4h1BEMCx4qThGbsiA==",
      "dependencies": {
        "yallist": "^4.0.0"
      },
      "engines": {
        "node": ">=10"
      }
    },
    "node_modules/object-hash": {
      "version": "2.2.0",
      "resolved": "https://registry.npmjs.org/object-hash/-/object-hash-2.2.0.tgz",
      "integrity": "sha512-gScRMn0bS5fH+IuwyIFgnh9zBdo4DV+6GhygmWM9HyNJSgS0hScp1f5vjtm7oIIOiT9trXrShAkLFSc2IqKNgw==",
      "engines": {
        "node": ">= 6"
      }
    },
    "node_modules/oidc-token-hash": {
      "version": "5.0.3",
      "resolved": "https://registry.npmjs.org/oidc-token-hash/-/oidc-token-hash-5.0.3.tgz",
      "integrity": "sha512-IF4PcGgzAr6XXSff26Sk/+P4KZFJVuHAJZj3wgO3vX2bMdNVp/QXTP3P7CEm9V1IdG8lDLY3HhiqpsE/nOwpPw==",
      "engines": {
        "node": "^10.13.0 || >=12.0.0"
      }
    },
    "node_modules/openid-client": {
      "version": "5.6.4",
      "resolved": "https://registry.npmjs.org/openid-client/-/openid-client-5.6.4.tgz",
      "integrity": "sha512-T1h3B10BRPKfcObdBklX639tVz+xh34O7GjofqrqiAQdm7eHsQ00ih18x6wuJ/E6FxdtS2u3FmUGPDeEcMwzNA==",
      "dependencies": {
        "jose": "^4.15.4",
        "lru-cache": "^6.0.0",
        "object-hash": "^2.2.0",
        "oidc-token-hash": "^5.0.3"
      },
      "funding": {
        "url": "https://github.com/sponsors/panva"
      }
    },
    "node_modules/openid-client/node_modules/jose": {
      "version": "4.15.9",
      "resolved": "https://registry.npmjs.org/jose/-/jose-4.15.9.tgz",
      "integrity": "sha512-1vUQX+IdDMVPj4k8kOxgUqlcK518yluMuGZwqlr44FS1ppZB/5GWh4rZG89erpOBOJjU/OBsnCVFfapsRz6nEA==",
      "funding": {
        "url": "https://github.com/sponsors/panva"
      }
    },
    "node_modules/sst": {
      "version": "3.6.9",
      "resolved": "https://registry.npmjs.org/sst/-/sst-3.6.9.tgz",
      "integrity": "sha512-JOxSjcgyqcILSPaW1T7D9Xg5ikfRRRvIyiUOJI9WoP247tBzz8l4iYlJhiCeEjxCTpkpsN5HaQD6ARfS7Meyug==",
      "dependencies": {
        "aws4fetch": "^1.0.18",
        "jose": "5.2.3",
        "openid-client": "5.6.4"
      },
      "bin": {
        "sst": "bin/sst.mjs"
      },
      "optionalDependencies": {
        "sst-darwin-arm64": "3.6.9",
        "sst-darwin-x64": "3.6.9",
        "sst-linux-arm64": "3.6.9",
        "sst-linux-x64": "3.6.9",
        "sst-linux-x86": "3.6.9"
      }
    },
    "node_modules/sst-darwin-arm64": {
      "version": "3.6.9",
      "resolved": "https://registry.npmjs.org/sst-darwin-arm64/-/sst-darwin-arm64-3.6.9.tgz",
      "integrity": "sha512-GYeZqo9JnD/ZJIUxAuVXX9N7Yj7xsgWbpQbfNcRr0dPd+qCFNUQEDpQToebo+iNyHmK6ATrtofV2rnTxsZbZrQ==",
      "cpu": [
        "arm64"
      ],
      "optional": true,
      "os": [
        "darwin"
      ]
    },
    "node_modules/sst-darwin-x64": {
      "version": "3.6.9",
      "resolved": "https://registry.npmjs.org/sst-darwin-x64/-/sst-darwin-x64-3.6.9.tgz",
      "integrity": "sha512-Ds1vRDNL18gISDSySLm1n+kLJIHvF3ihqSP3wcZ6Y6VLGHRy3uq/4hLBY4Rw2nCpbVC3nY5yO3e3oKitcfzxDQ==",
      "cpu": [
        "x64"
      ],
      "optional": true,
      "os": [
        "darwin"
      ]
    },
    "node_modules/sst-linux-arm64": {
      "version": "3.6.9",
      "resolved": "https://registry.npmjs.org/sst-linux-arm64/-/sst-linux-arm64-3.6.9.tgz",
      "integrity": "sha512-SYLKHjuvXn9Zg+Ez1u/ZoMbzsJjDy4uqRbSolcZGg0OtGpL3YF38R0gwM6TkmVt2KVplDHx/+Zvv56ZtAS204w==",
      "cpu": [
        "arm64"
      ],
      "optional": true,
      "os": [
        "linux"
      ]
    },
    "node_modules/sst-linux-x64": {
      "version": "3.6.9",
      "resolved": "https://registry.npmjs.org/sst-linux-x64/-/sst-linux-x64-3.6.9.tgz",
      "integrity": "sha512-+391/HBccCHHDunc9yYiAz0e44W8uvHRVAcd1xOtVKDEZFvaX3JoFvcvSRmzsVBmynZhmJoxUnliFpEDOzhOxQ==",
      "cpu": [
        "x64"
      ],
      "optional": true,
      "os": [
        "linux"
      ]
    },
    "node_modules/sst-linux-x86": {
      "version": "3.6.9",
      "resolved": "https://registry.npmjs.org/sst-linux-x86/-/sst-linux-x86-3.6.9.tgz",
      "integrity": "sha512-ISjZUs9eqr7lzyHkX1JKuKzGGj+jOkC7Aios0LZtD/qSXKMYivBOWolavfWJCMB7Aua9o7QDQtuMd/AwM/oU2w==",
      "cpu": [
        "x86"
      ],
      "optional": true,
      "os": [
        "linux"
      ]
    },
    "node_modules/typescript": {
      "version": "5.7.3",
      "resolved": "https://registry.npmjs.org/typescript/-/typescript-5.7.3.tgz",
      "integrity": "sha512-84MVSjMEHP+FQRPy3pX9sTVV/INIex71s9TL2Gm5FG/WG1SqXeKyZ0k7/blY/4FdOzI12CBy1vGc4og/eus0fw==",
      "dev": true,
      "bin": {
        "tsc": "bin/tsc",
        "tsserver": "bin/tsserver"
      },
      "engines": {
        "node": ">=14.17"
      }
    },
    "node_modules/undici-types": {
      "version": "6.20.0",
      "resolved": "https://registry.npmjs.org/undici-types/-/undici-types-6.20.0.tgz",
      "integrity": "sha512-Ny6QZ2Nju20vw1SRHe3d9jVu6gJ+4e3+MMpqu7pqE5HT6WsTSlce++GQmK5UXS8mzV8DSYHrQH+Xrf2jVcuKNg==",
      "dev": true
    },
    "node_modules/yallist": {
      "version": "4.0.0",
      "resolved": "https://registry.npmjs.org/yallist/-/yallist-4.0.0.tgz",
      "integrity": "sha512-3wdGidZyq5PB084XLES5TpOSRA3wjXAlIWMhum2kRcv/41Sn2emQ0dycQW4uZXLejwKvg6EsvbdlVL+FYEct7A=="
    }
  }
}
